// !$*UTF8*$!
{
	archiveVersion = 1;
	classes = {
	};
	objectVersion = 56;
	objects = {

/* Begin PBXBuildFile section */
		1AD534072D27AC4600A2D42A /* OrangeViewController.swift in Sources */ = {isa = PBXBuildFile; fileRef = 1AD534062D27AC4600A2D42A /* OrangeViewController.swift */; };
		1AD534092D27ACC800A2D42A /* YellowViewController.swift in Sources */ = {isa = PBXBuildFile; fileRef = 1AD534082D27ACC800A2D42A /* YellowViewController.swift */; };
		1AD5340B2D27ACE400A2D42A /* GreenViewController.swift in Sources */ = {isa = PBXBuildFile; fileRef = 1AD5340A2D27ACE400A2D42A /* GreenViewController.swift */; };
		1AD5340D2D27ACF600A2D42A /* BlueViewController.swift in Sources */ = {isa = PBXBuildFile; fileRef = 1AD5340C2D27ACF600A2D42A /* BlueViewController.swift */; };
		1AD5340F2D27ACFC00A2D42A /* PurpleViewController.swift in Sources */ = {isa = PBXBuildFile; fileRef = 1AD5340E2D27ACFC00A2D42A /* PurpleViewController.swift */; };
		1AF749802D279CCA000A658F /* AppDelegate.swift in Sources */ = {isa = PBXBuildFile; fileRef = 1AF7497F2D279CCA000A658F /* AppDelegate.swift */; };
		1AF749822D279CCA000A658F /* SceneDelegate.swift in Sources */ = {isa = PBXBuildFile; fileRef = 1AF749812D279CCA000A658F /* SceneDelegate.swift */; };
		1AF749842D279CCA000A658F /* RedViewController.swift in Sources */ = {isa = PBXBuildFile; fileRef = 1AF749832D279CCA000A658F /* RedViewController.swift */; };
		1AF749872D279CCA000A658F /* Base in Resources */ = {isa = PBXBuildFile; fileRef = 1AF749862D279CCA000A658F /* Base */; };
		1AF749892D279CCB000A658F /* Assets.xcassets in Resources */ = {isa = PBXBuildFile; fileRef = 1AF749882D279CCB000A658F /* Assets.xcassets */; };
		1AF7498C2D279CCB000A658F /* Base in Resources */ = {isa = PBXBuildFile; fileRef = 1AF7498B2D279CCB000A658F /* Base */; };
/* End PBXBuildFile section */

/* Begin PBXFileReference section */
		1AD534062D27AC4600A2D42A /* OrangeViewController.swift */ = {isa = PBXFileReference; lastKnownFileType = sourcecode.swift; path = OrangeViewController.swift; sourceTree = "<group>"; };
		1AD534082D27ACC800A2D42A /* YellowViewController.swift */ = {isa = PBXFileReference; lastKnownFileType = sourcecode.swift; path = YellowViewController.swift; sourceTree = "<group>"; };
		1AD5340A2D27ACE400A2D42A /* GreenViewController.swift */ = {isa = PBXFileReference; lastKnownFileType = sourcecode.swift; path = GreenViewController.swift; sourceTree = "<group>"; };
		1AD5340C2D27ACF600A2D42A /* BlueViewController.swift */ = {isa = PBXFileReference; lastKnownFileType = sourcecode.swift; path = BlueViewController.swift; sourceTree = "<group>"; };
		1AD5340E2D27ACFC00A2D42A /* PurpleViewController.swift */ = {isa = PBXFileReference; lastKnownFileType = sourcecode.swift; path = PurpleViewController.swift; sourceTree = "<group>"; };
		1AF7497C2D279CCA000A658F /* RainbowTabs.app */ = {isa = PBXFileReference; explicitFileType = wrapper.application; includeInIndex = 0; path = RainbowTabs.app; sourceTree = BUILT_PRODUCTS_DIR; };
		1AF7497F2D279CCA000A658F /* AppDelegate.swift */ = {isa = PBXFileReference; lastKnownFileType = sourcecode.swift; path = AppDelegate.swift; sourceTree = "<group>"; };
		1AF749812D279CCA000A658F /* SceneDelegate.swift */ = {isa = PBXFileReference; lastKnownFileType = sourcecode.swift; path = SceneDelegate.swift; sourceTree = "<group>"; };
		1AF749832D279CCA000A658F /* RedViewController.swift */ = {isa = PBXFileReference; lastKnownFileType = sourcecode.swift; path = RedViewController.swift; sourceTree = "<group>"; };
		1AF749862D279CCA000A658F /* Base */ = {isa = PBXFileReference; lastKnownFileType = file.storyboard; name = Base; path = Base.lproj/Main.storyboard; sourceTree = "<group>"; };
		1AF749882D279CCB000A658F /* Assets.xcassets */ = {isa = PBXFileReference; lastKnownFileType = folder.assetcatalog; path = Assets.xcassets; sourceTree = "<group>"; };
		1AF7498B2D279CCB000A658F /* Base */ = {isa = PBXFileReference; lastKnownFileType = file.storyboard; name = Base; path = Base.lproj/LaunchScreen.storyboard; sourceTree = "<group>"; };
		1AF7498D2D279CCB000A658F /* Info.plist */ = {isa = PBXFileReference; lastKnownFileType = text.plist.xml; path = Info.plist; sourceTree = "<group>"; };
/* End PBXFileReference section */

/* Begin PBXFrameworksBuildPhase section */
		1AF749792D279CCA000A658F /* Frameworks */ = {
			isa = PBXFrameworksBuildPhase;
			buildActionMask = 2147483647;
			files = (
			);
			runOnlyForDeploymentPostprocessing = 0;
		};
/* End PBXFrameworksBuildPhase section */

/* Begin PBXGroup section */
		1AF749732D279CCA000A658F = {
			isa = PBXGroup;
			children = (
				1AF7497E2D279CCA000A658F /* RainbowTabs */,
				1AF7497D2D279CCA000A658F /* Products */,
			);
			sourceTree = "<group>";
		};
		1AF7497D2D279CCA000A658F /* Products */ = {
			isa = PBXGroup;
			children = (
				1AF7497C2D279CCA000A658F /* RainbowTabs.app */,
			);
			name = Products;
			sourceTree = "<group>";
		};
		1AF7497E2D279CCA000A658F /* RainbowTabs */ = {
			isa = PBXGroup;
			children = (
				1AF7497F2D279CCA000A658F /* AppDelegate.swift */,
				1AF749812D279CCA000A658F /* SceneDelegate.swift */,
				1AF749832D279CCA000A658F /* RedViewController.swift */,
				1AF749852D279CCA000A658F /* Main.storyboard */,
				1AD5340C2D27ACF600A2D42A /* BlueViewController.swift */,
				1AD5340E2D27ACFC00A2D42A /* PurpleViewController.swift */,
				1AD534082D27ACC800A2D42A /* YellowViewController.swift */,
				1AD5340A2D27ACE400A2D42A /* GreenViewController.swift */,
				1AD534062D27AC4600A2D42A /* OrangeViewController.swift */,
				1AF749882D279CCB000A658F /* Assets.xcassets */,
				1AF7498A2D279CCB000A658F /* LaunchScreen.storyboard */,
				1AF7498D2D279CCB000A658F /* Info.plist */,
			);
			path = RainbowTabs;
			sourceTree = "<group>";
		};
/* End PBXGroup section */

/* Begin PBXNativeTarget section */
		1AF7497B2D279CCA000A658F /* RainbowTabs */ = {
			isa = PBXNativeTarget;
			buildConfigurationList = 1AF749902D279CCB000A658F /* Build configuration list for PBXNativeTarget "RainbowTabs" */;
			buildPhases = (
				1AF749782D279CCA000A658F /* Sources */,
				1AF749792D279CCA000A658F /* Frameworks */,
				1AF7497A2D279CCA000A658F /* Resources */,
			);
			buildRules = (
			);
			dependencies = (
			);
			name = RainbowTabs;
			productName = RainbowTabs;
			productReference = 1AF7497C2D279CCA000A658F /* RainbowTabs.app */;
			productType = "com.apple.product-type.application";
		};
/* End PBXNativeTarget section */

/* Begin PBXProject section */
		1AF749742D279CCA000A658F /* Project object */ = {
			isa = PBXProject;
			attributes = {
				BuildIndependentTargetsInParallel = 1;
				LastSwiftUpdateCheck = 1530;
				LastUpgradeCheck = 1530;
				TargetAttributes = {
					1AF7497B2D279CCA000A658F = {
						CreatedOnToolsVersion = 15.3;
					};
				};
			};
			buildConfigurationList = 1AF749772D279CCA000A658F /* Build configuration list for PBXProject "RainbowTabs" */;
			compatibilityVersion = "Xcode 14.0";
			developmentRegion = en;
			hasScannedForEncodings = 0;
			knownRegions = (
				en,
				Base,
			);
			mainGroup = 1AF749732D279CCA000A658F;
			productRefGroup = 1AF7497D2D279CCA000A658F /* Products */;
			projectDirPath = "";
			projectRoot = "";
			targets = (
				1AF7497B2D279CCA000A658F /* RainbowTabs */,
			);
		};
/* End PBXProject section */

/* Begin PBXResourcesBuildPhase section */
		1AF7497A2D279CCA000A658F /* Resources */ = {
			isa = PBXResourcesBuildPhase;
			buildActionMask = 2147483647;
			files = (
				1AF749892D279CCB000A658F /* Assets.xcassets in Resources */,
				1AF7498C2D279CCB000A658F /* Base in Resources */,
				1AF749872D279CCA000A658F /* Base in Resources */,
			);
			runOnlyForDeploymentPostprocessing = 0;
		};
/* End PBXResourcesBuildPhase section */

/* Begin PBXSourcesBuildPhase section */
		1AF749782D279CCA000A658F /* Sources */ = {
			isa = PBXSourcesBuildPhase;
			buildActionMask = 2147483647;
			files = (
				1AD5340B2D27ACE400A2D42A /* GreenViewController.swift in Sources */,
				1AD534072D27AC4600A2D42A /* OrangeViewController.swift in Sources */,
				1AF749842D279CCA000A658F /* RedViewController.swift in Sources */,
				1AF749802D279CCA000A658F /* AppDelegate.swift in Sources */,
				1AD5340F2D27ACFC00A2D42A /* PurpleViewController.swift in Sources */,
				1AF749822D279CCA000A658F /* SceneDelegate.swift in Sources */,
				1AD534092D27ACC800A2D42A /* YellowViewController.swift in Sources */,
				1AD5340D2D27ACF600A2D42A /* BlueViewController.swift in Sources */,
			);
			runOnlyForDeploymentPostprocessing = 0;
		};
/* End PBXSourcesBuildPhase section */

/* Begin PBXVariantGroup section */
		1AF749852D279CCA000A658F /* Main.storyboard */ = {
			isa = PBXVariantGroup;
			children = (
				1AF749862D279CCA000A658F /* Base */,
			);
			name = Main.storyboard;
			sourceTree = "<group>";
		};
		1AF7498A2D279CCB000A658F /* LaunchScreen.storyboard */ = {
			isa = PBXVariantGroup;
			children = (
				1AF7498B2D279CCB000A658F /* Base */,
			);
			name = LaunchScreen.storyboard;
			sourceTree = "<group>";
		};
/* End PBXVariantGroup section */

/* Begin XCBuildConfiguration section */
		1AF7498E2D279CCB000A658F /* Debug */ = {
			isa = XCBuildConfiguration;
			buildSettings = {
				ALWAYS_SEARCH_USER_PATHS = NO;
				ASSETCATALOG_COMPILER_GENERATE_SWIFT_ASSET_SYMBOL_EXTENSIONS = YES;
				CLANG_ANALYZER_NONNULL = YES;
				CLANG_ANALYZER_NUMBER_OBJECT_CONVERSION = YES_AGGRESSIVE;
				CLANG_CXX_LANGUAGE_STANDARD = "gnu++20";
				CLANG_ENABLE_MODULES = YES;
				CLANG_ENABLE_OBJC_ARC = YES;
				CLANG_ENABLE_OBJC_WEAK = YES;
				CLANG_WARN_BLOCK_CAPTURE_AUTORELEASING = YES;
				CLANG_WARN_BOOL_CONVERSION = YES;
				CLANG_WARN_COMMA = YES;
				CLANG_WARN_CONSTANT_CONVERSION = YES;
				CLANG_WARN_DEPRECATED_OBJC_IMPLEMENTATIONS = YES;
				CLANG_WARN_DIRECT_OBJC_ISA_USAGE = YES_ERROR;
				CLANG_WARN_DOCUMENTATION_COMMENTS = YES;
				CLANG_WARN_EMPTY_BODY = YES;
				CLANG_WARN_ENUM_CONVERSION = YES;
				CLANG_WARN_INFINITE_RECURSION = YES;
				CLANG_WARN_INT_CONVERSION = YES;
				CLANG_WARN_NON_LITERAL_NULL_CONVERSION = YES;
				CLANG_WARN_OBJC_IMPLICIT_RETAIN_SELF = YES;
				CLANG_WARN_OBJC_LITERAL_CONVERSION = YES;
				CLANG_WARN_OBJC_ROOT_CLASS = YES_ERROR;
				CLANG_WARN_QUOTED_INCLUDE_IN_FRAMEWORK_HEADER = YES;
				CLANG_WARN_RANGE_LOOP_ANALYSIS = YES;
				CLANG_WARN_STRICT_PROTOTYPES = YES;
				CLANG_WARN_SUSPICIOUS_MOVE = YES;
				CLANG_WARN_UNGUARDED_AVAILABILITY = YES_AGGRESSIVE;
				CLANG_WARN_UNREACHABLE_CODE = YES;
				CLANG_WARN__DUPLICATE_METHOD_MATCH = YES;
				COPY_PHASE_STRIP = NO;
				DEBUG_INFORMATION_FORMAT = dwarf;
				ENABLE_STRICT_OBJC_MSGSEND = YES;
				ENABLE_TESTABILITY = YES;
				ENABLE_USER_SCRIPT_SANDBOXING = YES;
				GCC_C_LANGUAGE_STANDARD = gnu17;
				GCC_DYNAMIC_NO_PIC = NO;
				GCC_NO_COMMON_BLOCKS = YES;
				GCC_OPTIMIZATION_LEVEL = 0;
				GCC_PREPROCESSOR_DEFINITIONS = (
					"DEBUG=1",
					"$(inherited)",
				);
				GCC_WARN_64_TO_32_BIT_CONVERSION = YES;
				GCC_WARN_ABOUT_RETURN_TYPE = YES_ERROR;
				GCC_WARN_UNDECLARED_SELECTOR = YES;
				GCC_WARN_UNINITIALIZED_AUTOS = YES_AGGRESSIVE;
				GCC_WARN_UNUSED_FUNCTION = YES;
				GCC_WARN_UNUSED_VARIABLE = YES;
				IPHONEOS_DEPLOYMENT_TARGET = 17.4;
				LOCALIZATION_PREFERS_STRING_CATALOGS = YES;
				MTL_ENABLE_DEBUG_INFO = INCLUDE_SOURCE;
				MTL_FAST_MATH = YES;
				ONLY_ACTIVE_ARCH = YES;
				SDKROOT = iphoneos;
				SWIFT_ACTIVE_COMPILATION_CONDITIONS = "DEBUG $(inherited)";
				SWIFT_OPTIMIZATION_LEVEL = "-Onone";
			};
			name = Debug;
		};
		1AF7498F2D279CCB000A658F /* Release */ = {
			isa = XCBuildConfiguration;
			buildSettings = {
				ALWAYS_SEARCH_USER_PATHS = NO;
				ASSETCATALOG_COMPILER_GENERATE_SWIFT_ASSET_SYMBOL_EXTENSIONS = YES;
				CLANG_ANALYZER_NONNULL = YES;
				CLANG_ANALYZER_NUMBER_OBJECT_CONVERSION = YES_AGGRESSIVE;
				CLANG_CXX_LANGUAGE_STANDARD = "gnu++20";
				CLANG_ENABLE_MODULES = YES;
				CLANG_ENABLE_OBJC_ARC = YES;
				CLANG_ENABLE_OBJC_WEAK = YES;
				CLANG_WARN_BLOCK_CAPTURE_AUTORELEASING = YES;
				CLANG_WARN_BOOL_CONVERSION = YES;
				CLANG_WARN_COMMA = YES;
				CLANG_WARN_CONSTANT_CONVERSION = YES;
				CLANG_WARN_DEPRECATED_OBJC_IMPLEMENTATIONS = YES;
				CLANG_WARN_DIRECT_OBJC_ISA_USAGE = YES_ERROR;
				CLANG_WARN_DOCUMENTATION_COMMENTS = YES;
				CLANG_WARN_EMPTY_BODY = YES;
				CLANG_WARN_ENUM_CONVERSION = YES;
				CLANG_WARN_INFINITE_RECURSION = YES;
				CLANG_WARN_INT_CONVERSION = YES;
				CLANG_WARN_NON_LITERAL_NULL_CONVERSION = YES;
				CLANG_WARN_OBJC_IMPLICIT_RETAIN_SELF = YES;
				CLANG_WARN_OBJC_LITERAL_CONVERSION = YES;
				CLANG_WARN_OBJC_ROOT_CLASS = YES_ERROR;
				CLANG_WARN_QUOTED_INCLUDE_IN_FRAMEWORK_HEADER = YES;
				CLANG_WARN_RANGE_LOOP_ANALYSIS = YES;
				CLANG_WARN_STRICT_PROTOTYPES = YES;
				CLANG_WARN_SUSPICIOUS_MOVE = YES;
				CLANG_WARN_UNGUARDED_AVAILABILITY = YES_AGGRESSIVE;
				CLANG_WARN_UNREACHABLE_CODE = YES;
				CLANG_WARN__DUPLICATE_METHOD_MATCH = YES;
				COPY_PHASE_STRIP = NO;
				DEBUG_INFORMATION_FORMAT = "dwarf-with-dsym";
				ENABLE_NS_ASSERTIONS = NO;
				ENABLE_STRICT_OBJC_MSGSEND = YES;
				ENABLE_USER_SCRIPT_SANDBOXING = YES;
				GCC_C_LANGUAGE_STANDARD = gnu17;
				GCC_NO_COMMON_BLOCKS = YES;
				GCC_WARN_64_TO_32_BIT_CONVERSION = YES;
				GCC_WARN_ABOUT_RETURN_TYPE = YES_ERROR;
				GCC_WARN_UNDECLARED_SELECTOR = YES;
				GCC_WARN_UNINITIALIZED_AUTOS = YES_AGGRESSIVE;
				GCC_WARN_UNUSED_FUNCTION = YES;
				GCC_WARN_UNUSED_VARIABLE = YES;
				IPHONEOS_DEPLOYMENT_TARGET = 17.4;
				LOCALIZATION_PREFERS_STRING_CATALOGS = YES;
				MTL_ENABLE_DEBUG_INFO = NO;
				MTL_FAST_MATH = YES;
				SDKROOT = iphoneos;
				SWIFT_COMPILATION_MODE = wholemodule;
				VALIDATE_PRODUCT = YES;
			};
			name = Release;
		};
		1AF749912D279CCB000A658F /* Debug */ = {
			isa = XCBuildConfiguration;
			buildSettings = {
				ASSETCATALOG_COMPILER_APPICON_NAME = AppIcon;
				ASSETCATALOG_COMPILER_GLOBAL_ACCENT_COLOR_NAME = AccentColor;
				CODE_SIGN_STYLE = Automatic;
				CURRENT_PROJECT_VERSION = 1;
				GENERATE_INFOPLIST_FILE = YES;
				INFOPLIST_FILE = RainbowTabs/Info.plist;
				INFOPLIST_KEY_UIApplicationSupportsIndirectInputEvents = YES;
				INFOPLIST_KEY_UILaunchStoryboardName = LaunchScreen;
				INFOPLIST_KEY_UIMainStoryboardFile = Main;
				INFOPLIST_KEY_UISupportedInterfaceOrientations_iPad = "UIInterfaceOrientationPortrait UIInterfaceOrientationPortraitUpsideDown UIInterfaceOrientationLandscapeLeft UIInterfaceOrientationLandscapeRight";
				INFOPLIST_KEY_UISupportedInterfaceOrientations_iPhone = "UIInterfaceOrientationPortrait UIInterfaceOrientationLandscapeLeft UIInterfaceOrientationLandscapeRight";
				LD_RUNPATH_SEARCH_PATHS = (
					"$(inherited)",
					"@executable_path/Frameworks",
				);
				MARKETING_VERSION = 1.0;
				PRODUCT_BUNDLE_IDENTIFIER = com.RainbowTabs;
				PRODUCT_NAME = "$(TARGET_NAME)";
				SWIFT_EMIT_LOC_STRINGS = YES;
				SWIFT_VERSION = 5.0;
				TARGETED_DEVICE_FAMILY = "1,2";
			};
			name = Debug;
		};
		1AF749922D279CCB000A658F /* Release */ = {
			isa = XCBuildConfiguration;
			buildSettings = {
				ASSETCATALOG_COMPILER_APPICON_NAME = AppIcon;
				ASSETCATALOG_COMPILER_GLOBAL_ACCENT_COLOR_NAME = AccentColor;
				CODE_SIGN_STYLE = Automatic;
				CURRENT_PROJECT_VERSION = 1;
				GENERATE_INFOPLIST_FILE = YES;
				INFOPLIST_FILE = RainbowTabs/Info.plist;
				INFOPLIST_KEY_UIApplicationSupportsIndirectInputEvents = YES;
				INFOPLIST_KEY_UILaunchStoryboardName = LaunchScreen;
				INFOPLIST_KEY_UIMainStoryboardFile = Main;
				INFOPLIST_KEY_UISupportedInterfaceOrientations_iPad = "UIInterfaceOrientationPortrait UIInterfaceOrientationPortraitUpsideDown UIInterfaceOrientationLandscapeLeft UIInterfaceOrientationLandscapeRight";
				INFOPLIST_KEY_UISupportedInterfaceOrientations_iPhone = "UIInterfaceOrientationPortrait UIInterfaceOrientationLandscapeLeft UIInterfaceOrientationLandscapeRight";
				LD_RUNPATH_SEARCH_PATHS = (
					"$(inherited)",
					"@executable_path/Frameworks",
				);
				MARKETING_VERSION = 1.0;
				PRODUCT_BUNDLE_IDENTIFIER = com.RainbowTabs;
				PRODUCT_NAME = "$(TARGET_NAME)";
				SWIFT_EMIT_LOC_STRINGS = YES;
				SWIFT_VERSION = 5.0;
				TARGETED_DEVICE_FAMILY = "1,2";
			};
			name = Release;
		};
/* End XCBuildConfiguration section */

/* Begin XCConfigurationList section */
		1AF749772D279CCA000A658F /* Build configuration list for PBXProject "RainbowTabs" */ = {
			isa = XCConfigurationList;
			buildConfigurations = (
				1AF7498E2D279CCB000A658F /* Debug */,
				1AF7498F2D279CCB000A658F /* Release */,
			);
			defaultConfigurationIsVisible = 0;
			defaultConfigurationName = Release;
		};
		1AF749902D279CCB000A658F /* Build configuration list for PBXNativeTarget "RainbowTabs" */ = {
			isa = XCConfigurationList;
			buildConfigurations = (
				1AF749912D279CCB000A658F /* Debug */,
				1AF749922D279CCB000A658F /* Release */,
			);
			defaultConfigurationIsVisible = 0;
			defaultConfigurationName = Release;
		};
/* End XCConfigurationList section */
	};
	rootObject = 1AF749742D279CCA000A658F /* Project object */;
}
